
Microsoft Visual Studio Solution File, Format Version 12.00
# Visual Studio Version 17
VisualStudioVersion = 17.3.32811.315
MinimumVisualStudioVersion = 10.0.40219.1
Project("{9A19103F-16F7-4668-BE54-9A1E7A4F7556}") = "WinFormsApp1", "WinFormsApp1.csproj", "{9A449B52-EAEF-4F09-90FA-F04FC9BDC52B}"
EndProject
Global
	GlobalSection(SolutionConfigurationPlatforms) = preSolution
		Debug|Any CPU = Debug|Any CPU
		Release|Any CPU = Release|Any CPU
	EndGlobalSection
	GlobalSection(ProjectConfigurationPlatforms) = postSolution
		{9A449B52-EAEF-4F09-90FA-F04FC9BDC52B}.Debug|Any CPU.ActiveCfg = Debug|Any CPU
		{9A449B52-EAEF-4F09-90FA-F04FC9BDC52B}.Debug|Any CPU.Build.0 = Debug|Any CPU
		{9A449B52-EAEF-4F09-90FA-F04FC9BDC52B}.Release|Any CPU.ActiveCfg = Release|Any CPU
		{9A449B52-EAEF-4F09-90FA-F04FC9BDC52B}.Release|Any CPU.Build.0 = Release|Any CPU
	EndGlobalSection
	GlobalSection(SolutionProperties) = preSolution
		HideSolutionNode = FALSE
	EndGlobalSection
	GlobalSection(ExtensibilityGlobals) = postSolution
		SolutionGuid = {9B83701F-348F-4159-82AB-C3076DAD4A39}
	EndGlobalSection
EndGlobal
